<Solution>
  <Folder Name="/tools/">
    <File Path=".editorconfig" />
    <File Path="Directory.Build.props" />
    <File Path="Directory.Build.targets" />
    <File Path="Directory.Packages.props" />
  </Folder>
  <Project Path="Odin.Messaging.Kafka/Odin.Messaging.Kafka.csproj" />
  <Project Path="Odin.Messaging.Memory/Odin.Messaging.Memory.csproj" />
  <Project Path="Odin.Messaging.SerDes/Odin.Messaging.SerDes.csproj" />
  <Project Path="Odin.Messaging/Odin.Messaging.csproj" />
</Solution>
